
Microsoft Visual Studio Solution File, Format Version 12.00
# Visual Studio Version 17
VisualStudioVersion = 17.5.33424.131
MinimumVisualStudioVersion = 10.0.40219.1
Project("{FAE04EC0-301F-11D3-BF4B-00C04F79EFBC}") = "CodeFirst", "CodeFirst\CodeFirst.csproj", "{BCC3FE6C-A6D0-464C-9970-F87C462361D9}"
EndProject
Global
	GlobalSection(SolutionConfigurationPlatforms) = preSolution
		Debug|Any CPU = Debug|Any CPU
		Release|Any CPU = Release|Any CPU
	EndGlobalSection
	GlobalSection(ProjectConfigurationPlatforms) = postSolution
		{BCC3FE6C-A6D0-464C-9970-F87C462361D9}.Debug|Any CPU.ActiveCfg = Debug|Any CPU
		{BCC3FE6C-A6D0-464C-9970-F87C462361D9}.Debug|Any CPU.Build.0 = Debug|Any CPU
		{BCC3FE6C-A6D0-464C-9970-F87C462361D9}.Release|Any CPU.ActiveCfg = Release|Any CPU
		{BCC3FE6C-A6D0-464C-9970-F87C462361D9}.Release|Any CPU.Build.0 = Release|Any CPU
	EndGlobalSection
	GlobalSection(SolutionProperties) = preSolution
		HideSolutionNode = FALSE
	EndGlobalSection
	GlobalSection(ExtensibilityGlobals) = postSolution
		SolutionGuid = {5AA99029-41B8-4DDB-BEE1-9D16D895F6B8}
	EndGlobalSection
EndGlobal
